
Microsoft Visual Studio Solution File, Format Version 12.00
# Visual Studio Version 17
VisualStudioVersion = 17.3.32929.385
MinimumVisualStudioVersion = 10.0.40219.1
Project("{FAE04EC0-301F-11D3-BF4B-00C04F79EFBC}") = "CastTask", "CastTask\CastTask.csproj", "{5B8AC596-2027-4E36-9509-4A2FF27F0955}"
EndProject
Global
	GlobalSection(SolutionConfigurationPlatforms) = preSolution
		Debug|Any CPU = Debug|Any CPU
		Release|Any CPU = Release|Any CPU
	EndGlobalSection
	GlobalSection(ProjectConfigurationPlatforms) = postSolution
		{5B8AC596-2027-4E36-9509-4A2FF27F0955}.Debug|Any CPU.ActiveCfg = Debug|Any CPU
		{5B8AC596-2027-4E36-9509-4A2FF27F0955}.Debug|Any CPU.Build.0 = Debug|Any CPU
		{5B8AC596-2027-4E36-9509-4A2FF27F0955}.Release|Any CPU.ActiveCfg = Release|Any CPU
		{5B8AC596-2027-4E36-9509-4A2FF27F0955}.Release|Any CPU.Build.0 = Release|Any CPU
	EndGlobalSection
	GlobalSection(SolutionProperties) = preSolution
		HideSolutionNode = FALSE
	EndGlobalSection
	GlobalSection(ExtensibilityGlobals) = postSolution
		SolutionGuid = {90F2EBED-BB54-4610-9537-F3F2474CCF40}
	EndGlobalSection
EndGlobal
